
Microsoft Visual Studio Solution File, Format Version 12.00
# Visual Studio Version 17
VisualStudioVersion = 17.6.33815.320
MinimumVisualStudioVersion = 10.0.40219.1
Project("{FAE04EC0-301F-11D3-BF4B-00C04F79EFBC}") = "mmoStore.API", "mmoStore.API\mmoStore.API.csproj", "{A4415F3F-C8DB-42A5-B1EA-D43B0728B050}"
EndProject
Global
	GlobalSection(SolutionConfigurationPlatforms) = preSolution
		Debug|Any CPU = Debug|Any CPU
		Release|Any CPU = Release|Any CPU
	EndGlobalSection
	GlobalSection(ProjectConfigurationPlatforms) = postSolution
		{A4415F3F-C8DB-42A5-B1EA-D43B0728B050}.Debug|Any CPU.ActiveCfg = Debug|Any CPU
		{A4415F3F-C8DB-42A5-B1EA-D43B0728B050}.Debug|Any CPU.Build.0 = Debug|Any CPU
		{A4415F3F-C8DB-42A5-B1EA-D43B0728B050}.Release|Any CPU.ActiveCfg = Release|Any CPU
		{A4415F3F-C8DB-42A5-B1EA-D43B0728B050}.Release|Any CPU.Build.0 = Release|Any CPU
	EndGlobalSection
	GlobalSection(SolutionProperties) = preSolution
		HideSolutionNode = FALSE
	EndGlobalSection
	GlobalSection(ExtensibilityGlobals) = postSolution
		SolutionGuid = {0989706F-10A0-4415-91E4-4D161010B37A}
	EndGlobalSection
EndGlobal
